
Microsoft Visual Studio Solution File, Format Version 12.00
# Visual Studio 15
VisualStudioVersion = 15.0.26430.12
MinimumVisualStudioVersion = 10.0.40219.1
Project("{FAE04EC0-301F-11D3-BF4B-00C04F79EFBC}") = "App.Common", "Application.Common\App.Common.csproj", "{FA3EAA76-30EC-41FD-B9B1-C46158B9E821}"
EndProject
Project("{2150E333-8FDC-42A3-9474-1A3956D46DE8}") = "Common", "Common", "{A1DD6939-A375-4E4C-A091-B2413B988F4F}"
EndProject
Project("{FAE04EC0-301F-11D3-BF4B-00C04F79EFBC}") = "App.ApiContainer", "App.ApiContainer\App.ApiContainer.csproj", "{0A4B68F8-EDE8-4726-8B7F-32ACE5167045}"
EndProject
Project("{2150E333-8FDC-42A3-9474-1A3956D46DE8}") = "MessageBus", "MessageBus", "{D43F3425-4A03-48FE-B96E-7D80EA2B988F}"
EndProject
Project("{FAE04EC0-301F-11D3-BF4B-00C04F79EFBC}") = "App.MessageBus.Service", "App.MessageBus.Service\App.MessageBus.Service.csproj", "{73C88B07-40DE-445D-B01A-B601E64486FC}"
EndProject
Project("{FAE04EC0-301F-11D3-BF4B-00C04F79EFBC}") = "App.MessageBus.Service.Impl", "App.MessageBus.Service.Impl\App.MessageBus.Service.Impl.csproj", "{4F64456F-C327-4681-8E15-96FC78879E2D}"
EndProject
Project("{FAE04EC0-301F-11D3-BF4B-00C04F79EFBC}") = "App.MessageBus.Aggregate", "App.MessageBus.Aggragate\App.MessageBus.Aggregate.csproj", "{70B4C5D3-79FF-4320-A157-B367A4533EF1}"
EndProject
Project("{FAE04EC0-301F-11D3-BF4B-00C04F79EFBC}") = "App.MessageBus.CommandHandler", "App.MessageBus.CommandHandler\App.MessageBus.CommandHandler.csproj", "{07211B07-1032-402C-B66F-87FFEC913F6A}"
EndProject
Project("{FAE04EC0-301F-11D3-BF4B-00C04F79EFBC}") = "App.MessageBus.CommandHandler.Impl", "App.MessageBus.CommandHandler.Impl\App.MessageBus.CommandHandler.Impl.csproj", "{90C94E2B-065A-4473-A8BB-3629CBFDAC1A}"
EndProject
Project("{FAE04EC0-301F-11D3-BF4B-00C04F79EFBC}") = "App.MessageBus.Event", "App.MessageBus.Event\App.MessageBus.Event.csproj", "{6F02B95C-883C-4E92-A2F0-8FA3144B9625}"
EndProject
Project("{FAE04EC0-301F-11D3-BF4B-00C04F79EFBC}") = "App.MessageBus.Repository", "App.MessageBus.Repository\App.MessageBus.Repository.csproj", "{9AE8C3CB-ADC9-486F-AA75-7167B262AD40}"
EndProject
Project("{FAE04EC0-301F-11D3-BF4B-00C04F79EFBC}") = "App.MessageBus.Repository.Impl", "App.MessageBus.Repository.Impl\App.MessageBus.Repository.Impl.csproj", "{E15384B4-8AFD-4BD6-9E31-09E7AF12E0C1}"
EndProject
Project("{FAE04EC0-301F-11D3-BF4B-00C04F79EFBC}") = "App.MessageBus.Context", "App.MessageBus.Context\App.MessageBus.Context.csproj", "{CB314F62-BE82-4303-AA09-1958DECD42C9}"
EndProject
Project("{FAE04EC0-301F-11D3-BF4B-00C04F79EFBC}") = "App.MessageBus", "App.MessageBus\App.MessageBus.csproj", "{438740EA-070D-419C-A7EF-45F5A5E04267}"
EndProject
Project("{FAE04EC0-301F-11D3-BF4B-00C04F79EFBC}") = "App.MessageBus.EventHandler", "App.MessageBus.EventHandler\App.MessageBus.EventHandler.csproj", "{8CB0565E-4ADE-4989-9D1C-A9FE952DD0BB}"
EndProject
Project("{FAE04EC0-301F-11D3-BF4B-00C04F79EFBC}") = "App.MessageBus.EventHandler.Impl", "App.MessageBus.EventHandler.Impl\App.MessageBus.EventHandler.Impl.csproj", "{F1E58435-C562-4148-899C-673F3C6E1BC2}"
EndProject
Global
	GlobalSection(SolutionConfigurationPlatforms) = preSolution
		Debug|Any CPU = Debug|Any CPU
		Release|Any CPU = Release|Any CPU
	EndGlobalSection
	GlobalSection(ProjectConfigurationPlatforms) = postSolution
		{FA3EAA76-30EC-41FD-B9B1-C46158B9E821}.Debug|Any CPU.ActiveCfg = Debug|Any CPU
		{FA3EAA76-30EC-41FD-B9B1-C46158B9E821}.Debug|Any CPU.Build.0 = Debug|Any CPU
		{FA3EAA76-30EC-41FD-B9B1-C46158B9E821}.Release|Any CPU.ActiveCfg = Release|Any CPU
		{FA3EAA76-30EC-41FD-B9B1-C46158B9E821}.Release|Any CPU.Build.0 = Release|Any CPU
		{0A4B68F8-EDE8-4726-8B7F-32ACE5167045}.Debug|Any CPU.ActiveCfg = Debug|Any CPU
		{0A4B68F8-EDE8-4726-8B7F-32ACE5167045}.Debug|Any CPU.Build.0 = Debug|Any CPU
		{0A4B68F8-EDE8-4726-8B7F-32ACE5167045}.Release|Any CPU.ActiveCfg = Release|Any CPU
		{0A4B68F8-EDE8-4726-8B7F-32ACE5167045}.Release|Any CPU.Build.0 = Release|Any CPU
		{73C88B07-40DE-445D-B01A-B601E64486FC}.Debug|Any CPU.ActiveCfg = Debug|Any CPU
		{73C88B07-40DE-445D-B01A-B601E64486FC}.Debug|Any CPU.Build.0 = Debug|Any CPU
		{73C88B07-40DE-445D-B01A-B601E64486FC}.Release|Any CPU.ActiveCfg = Release|Any CPU
		{73C88B07-40DE-445D-B01A-B601E64486FC}.Release|Any CPU.Build.0 = Release|Any CPU
		{4F64456F-C327-4681-8E15-96FC78879E2D}.Debug|Any CPU.ActiveCfg = Debug|Any CPU
		{4F64456F-C327-4681-8E15-96FC78879E2D}.Debug|Any CPU.Build.0 = Debug|Any CPU
		{4F64456F-C327-4681-8E15-96FC78879E2D}.Release|Any CPU.ActiveCfg = Release|Any CPU
		{4F64456F-C327-4681-8E15-96FC78879E2D}.Release|Any CPU.Build.0 = Release|Any CPU
		{70B4C5D3-79FF-4320-A157-B367A4533EF1}.Debug|Any CPU.ActiveCfg = Debug|Any CPU
		{70B4C5D3-79FF-4320-A157-B367A4533EF1}.Debug|Any CPU.Build.0 = Debug|Any CPU
		{70B4C5D3-79FF-4320-A157-B367A4533EF1}.Release|Any CPU.ActiveCfg = Release|Any CPU
		{70B4C5D3-79FF-4320-A157-B367A4533EF1}.Release|Any CPU.Build.0 = Release|Any CPU
		{07211B07-1032-402C-B66F-87FFEC913F6A}.Debug|Any CPU.ActiveCfg = Debug|Any CPU
		{07211B07-1032-402C-B66F-87FFEC913F6A}.Debug|Any CPU.Build.0 = Debug|Any CPU
		{07211B07-1032-402C-B66F-87FFEC913F6A}.Release|Any CPU.ActiveCfg = Release|Any CPU
		{07211B07-1032-402C-B66F-87FFEC913F6A}.Release|Any CPU.Build.0 = Release|Any CPU
		{90C94E2B-065A-4473-A8BB-3629CBFDAC1A}.Debug|Any CPU.ActiveCfg = Debug|Any CPU
		{90C94E2B-065A-4473-A8BB-3629CBFDAC1A}.Debug|Any CPU.Build.0 = Debug|Any CPU
		{90C94E2B-065A-4473-A8BB-3629CBFDAC1A}.Release|Any CPU.ActiveCfg = Release|Any CPU
		{90C94E2B-065A-4473-A8BB-3629CBFDAC1A}.Release|Any CPU.Build.0 = Release|Any CPU
		{6F02B95C-883C-4E92-A2F0-8FA3144B9625}.Debug|Any CPU.ActiveCfg = Debug|Any CPU
		{6F02B95C-883C-4E92-A2F0-8FA3144B9625}.Debug|Any CPU.Build.0 = Debug|Any CPU
		{6F02B95C-883C-4E92-A2F0-8FA3144B9625}.Release|Any CPU.ActiveCfg = Release|Any CPU
		{6F02B95C-883C-4E92-A2F0-8FA3144B9625}.Release|Any CPU.Build.0 = Release|Any CPU
		{9AE8C3CB-ADC9-486F-AA75-7167B262AD40}.Debug|Any CPU.ActiveCfg = Debug|Any CPU
		{9AE8C3CB-ADC9-486F-AA75-7167B262AD40}.Debug|Any CPU.Build.0 = Debug|Any CPU
		{9AE8C3CB-ADC9-486F-AA75-7167B262AD40}.Release|Any CPU.ActiveCfg = Release|Any CPU
		{9AE8C3CB-ADC9-486F-AA75-7167B262AD40}.Release|Any CPU.Build.0 = Release|Any CPU
		{E15384B4-8AFD-4BD6-9E31-09E7AF12E0C1}.Debug|Any CPU.ActiveCfg = Debug|Any CPU
		{E15384B4-8AFD-4BD6-9E31-09E7AF12E0C1}.Debug|Any CPU.Build.0 = Debug|Any CPU
		{E15384B4-8AFD-4BD6-9E31-09E7AF12E0C1}.Release|Any CPU.ActiveCfg = Release|Any CPU
		{E15384B4-8AFD-4BD6-9E31-09E7AF12E0C1}.Release|Any CPU.Build.0 = Release|Any CPU
		{CB314F62-BE82-4303-AA09-1958DECD42C9}.Debug|Any CPU.ActiveCfg = Debug|Any CPU
		{CB314F62-BE82-4303-AA09-1958DECD42C9}.Debug|Any CPU.Build.0 = Debug|Any CPU
		{CB314F62-BE82-4303-AA09-1958DECD42C9}.Release|Any CPU.ActiveCfg = Release|Any CPU
		{CB314F62-BE82-4303-AA09-1958DECD42C9}.Release|Any CPU.Build.0 = Release|Any CPU
		{438740EA-070D-419C-A7EF-45F5A5E04267}.Debug|Any CPU.ActiveCfg = Debug|Any CPU
		{438740EA-070D-419C-A7EF-45F5A5E04267}.Debug|Any CPU.Build.0 = Debug|Any CPU
		{438740EA-070D-419C-A7EF-45F5A5E04267}.Release|Any CPU.ActiveCfg = Release|Any CPU
		{438740EA-070D-419C-A7EF-45F5A5E04267}.Release|Any CPU.Build.0 = Release|Any CPU
		{8CB0565E-4ADE-4989-9D1C-A9FE952DD0BB}.Debug|Any CPU.ActiveCfg = Debug|Any CPU
		{8CB0565E-4ADE-4989-9D1C-A9FE952DD0BB}.Debug|Any CPU.Build.0 = Debug|Any CPU
		{8CB0565E-4ADE-4989-9D1C-A9FE952DD0BB}.Release|Any CPU.ActiveCfg = Release|Any CPU
		{8CB0565E-4ADE-4989-9D1C-A9FE952DD0BB}.Release|Any CPU.Build.0 = Release|Any CPU
		{F1E58435-C562-4148-899C-673F3C6E1BC2}.Debug|Any CPU.ActiveCfg = Debug|Any CPU
		{F1E58435-C562-4148-899C-673F3C6E1BC2}.Debug|Any CPU.Build.0 = Debug|Any CPU
		{F1E58435-C562-4148-899C-673F3C6E1BC2}.Release|Any CPU.ActiveCfg = Release|Any CPU
		{F1E58435-C562-4148-899C-673F3C6E1BC2}.Release|Any CPU.Build.0 = Release|Any CPU
	EndGlobalSection
	GlobalSection(SolutionProperties) = preSolution
		HideSolutionNode = FALSE
	EndGlobalSection
	GlobalSection(NestedProjects) = preSolution
		{FA3EAA76-30EC-41FD-B9B1-C46158B9E821} = {A1DD6939-A375-4E4C-A091-B2413B988F4F}
		{73C88B07-40DE-445D-B01A-B601E64486FC} = {D43F3425-4A03-48FE-B96E-7D80EA2B988F}
		{4F64456F-C327-4681-8E15-96FC78879E2D} = {D43F3425-4A03-48FE-B96E-7D80EA2B988F}
		{70B4C5D3-79FF-4320-A157-B367A4533EF1} = {D43F3425-4A03-48FE-B96E-7D80EA2B988F}
		{07211B07-1032-402C-B66F-87FFEC913F6A} = {D43F3425-4A03-48FE-B96E-7D80EA2B988F}
		{90C94E2B-065A-4473-A8BB-3629CBFDAC1A} = {D43F3425-4A03-48FE-B96E-7D80EA2B988F}
		{6F02B95C-883C-4E92-A2F0-8FA3144B9625} = {D43F3425-4A03-48FE-B96E-7D80EA2B988F}
		{9AE8C3CB-ADC9-486F-AA75-7167B262AD40} = {D43F3425-4A03-48FE-B96E-7D80EA2B988F}
		{E15384B4-8AFD-4BD6-9E31-09E7AF12E0C1} = {D43F3425-4A03-48FE-B96E-7D80EA2B988F}
		{CB314F62-BE82-4303-AA09-1958DECD42C9} = {D43F3425-4A03-48FE-B96E-7D80EA2B988F}
		{438740EA-070D-419C-A7EF-45F5A5E04267} = {D43F3425-4A03-48FE-B96E-7D80EA2B988F}
		{8CB0565E-4ADE-4989-9D1C-A9FE952DD0BB} = {D43F3425-4A03-48FE-B96E-7D80EA2B988F}
		{F1E58435-C562-4148-899C-673F3C6E1BC2} = {D43F3425-4A03-48FE-B96E-7D80EA2B988F}
	EndGlobalSection
EndGlobal
